hash: f38217b6dc14c54d2c8c85a79747375bc203aefc52e8437d8a5a8eb6b846a477
updated: 2018-06-08T10:37:18.014635-06:00
imports:
- name: github.com/ghodss/yaml
  version: 0ca9ea5df5451ffdf184b4428c902747c2c11cd7
- name: github.com/karrick/godirwalk
  version: 5cc8b3875be6c21825a1b54d3029ed415c93c4f7
- name: github.com/kcmerrill/common.go
  version: eea9b5d53c6aeb8208499cd0224c2487af41117b
  subpackages:
  - config
- name: github.com/mitchellh/go-homedir
  version: 3864e76763d94a6df2f9960b16a20a33da9f9a66
- name: github.com/pkg/errors
  version: 816c9085562cd7ee03e7f8188a1cfd942858cded
- name: gopkg.in/yaml.v2
  version: 5420a8b6744d3b0345ab293f6fcba19c978f1183
testImports: []
